// !$*UTF8*$!
{
	archiveVersion = 1;
	classes = {
	};
	objectVersion = 46;
	objects = {

/* Begin PBXBuildFile section */
		E573784B1E06B23300EF1F89 /* main.m in Sources */ = {isa = PBXBuildFile; fileRef = E573784A1E06B23300EF1F89 /* main.m */; };
		E573784E1E06B23300EF1F89 /* AppDelegate.m in Sources */ = {isa = PBXBuildFile; fileRef = E573784D1E06B23300EF1F89 /* AppDelegate.m */; };
		E57378511E06B23300EF1F89 /* ViewController.m in Sources */ = {isa = PBXBuildFile; fileRef = E57378501E06B23300EF1F89 /* ViewController.m */; };
		E57378541E06B23300EF1F89 /* Main.storyboard in Resources */ = {isa = PBXBuildFile; fileRef = E57378521E06B23300EF1F89 /* Main.storyboard */; };
		E57378561E06B23300EF1F89 /* Assets.xcassets in Resources */ = {isa = PBXBuildFile; fileRef = E57378551E06B23300EF1F89 /* Assets.xcassets */; };
		E57378591E06B23300EF1F89 /* LaunchScreen.storyboard in Resources */ = {isa = PBXBuildFile; fileRef = E57378571E06B23300EF1F89 /* LaunchScreen.storyboard */; };
/* End PBXBuildFile section */

/* Begin PBXFileReference section */
		E57378461E06B23300EF1F89 /* lxdGit-iOS.app */ = {isa = PBXFileReference; explicitFileType = wrapper.application; includeInIndex = 0; path = "lxdGit-iOS.app"; sourceTree = BUILT_PRODUCTS_DIR; };
		E573784A1E06B23300EF1F89 /* main.m */ = {isa = PBXFileReference; lastKnownFileType = sourcecode.c.objc; path = main.m; sourceTree = "<group>"; };
		E573784C1E06B23300EF1F89 /* AppDelegate.h */ = {isa = PBXFileReference; lastKnownFileType = sourcecode.c.h; path = AppDelegate.h; sourceTree = "<group>"; };
		E573784D1E06B23300EF1F89 /* AppDelegate.m */ = {isa = PBXFileReference; lastKnownFileType = sourcecode.c.objc; path = AppDelegate.m; sourceTree = "<group>"; };
		E573784F1E06B23300EF1F89 /* ViewController.h */ = {isa = PBXFileReference; lastKnownFileType = sourcecode.c.h; path = ViewController.h; sourceTree = "<group>"; };
		E57378501E06B23300EF1F89 /* ViewController.m */ = {isa = PBXFileReference; lastKnownFileType = sourcecode.c.objc; path = ViewController.m; sourceTree = "<group>"; };
		E57378531E06B23300EF1F89 /* Base */ = {isa = PBXFileReference; lastKnownFileType = file.storyboard; name = Base; path = Base.lproj/Main.storyboard; sourceTree = "<group>"; };
		E57378551E06B23300EF1F89 /* Assets.xcassets */ = {isa = PBXFileReference; lastKnownFileType = folder.assetcatalog; path = Assets.xcassets; sourceTree = "<group>"; };
		E57378581E06B23300EF1F89 /* Base */ = {isa = PBXFileReference; lastKnownFileType = file.storyboard; name = Base; path = Base.lproj/LaunchScreen.storyboard; sourceTree = "<group>"; };
		E573785A1E06B23300EF1F89 /* Info.plist */ = {isa = PBXFileReference; lastKnownFileType = text.plist.xml; path = Info.plist; sourceTree = "<group>"; };
/* End PBXFileReference section */

/* Begin PBXFrameworksBuildPhase section */
		E57378431E06B23300EF1F89 /* Frameworks */ = {
			isa = PBXFrameworksBuildPhase;
			buildActionMask = 2147483647;
			files = (
			);
			runOnlyForDeploymentPostprocessing = 0;
		};
/* End PBXFrameworksBuildPhase section */

/* Begin PBXGroup section */
		E573783D1E06B23200EF1F89 = {
			isa = PBXGroup;
			children = (
				E57378481E06B23300EF1F89 /* lxdGit-iOS */,
				E57378471E06B23300EF1F89 /* Products */,
			);
			sourceTree = "<group>";
		};
		E57378471E06B23300EF1F89 /* Products */ = {
			isa = PBXGroup;
			children = (
				E57378461E06B23300EF1F89 /* lxdGit-iOS.app */,
			);
			name = Products;
			sourceTree = "<group>";
		};
		E57378481E06B23300EF1F89 /* lxdGit-iOS */ = {
			isa = PBXGroup;
			children = (
				E573784C1E06B23300EF1F89 /* AppDelegate.h */,
				E573784D1E06B23300EF1F89 /* AppDelegate.m */,
				E573784F1E06B23300EF1F89 /* ViewController.h */,
				E57378501E06B23300EF1F89 /* ViewController.m */,
				E57378521E06B23300EF1F89 /* Main.storyboard */,
				E57378551E06B23300EF1F89 /* Assets.xcassets */,
				E57378571E06B23300EF1F89 /* LaunchScreen.storyboard */,
				E573785A1E06B23300EF1F89 /* Info.plist */,
				E57378491E06B23300EF1F89 /* Supporting Files */,
			);
			path = "lxdGit-iOS";
			sourceTree = "<group>";
		};
		E57378491E06B23300EF1F89 /* Supporting Files */ = {
			isa = PBXGroup;
			children = (
				E573784A1E06B23300EF1F89 /* main.m */,
			);
			name = "Supporting Files";
			sourceTree = "<group>";
		};
/* End PBXGroup section */

/* Begin PBXNativeTarget section */
		E57378451E06B23300EF1F89 /* lxdGit-iOS */ = {
			isa = PBXNativeTarget;
			buildConfigurationList = E573785D1E06B23300EF1F89 /* Build configuration list for PBXNativeTarget "lxdGit-iOS" */;
			buildPhases = (
				E57378421E06B23300EF1F89 /* Sources */,
				E57378431E06B23300EF1F89 /* Frameworks */,
				E57378441E06B23300EF1F89 /* Resources */,
			);
			buildRules = (
			);
			dependencies = (
			);
			name = "lxdGit-iOS";
			productName = "lxdGit-iOS";
			productReference = E57378461E06B23300EF1F89 /* lxdGit-iOS.app */;
			productType = "com.apple.product-type.application";
		};
/* End PBXNativeTarget section */

/* Begin PBXProject section */
		E573783E1E06B23200EF1F89 /* Project object */ = {
			isa = PBXProject;
			attributes = {
				LastUpgradeCheck = 0720;
				ORGANIZATIONNAME = lxdTwoFly;
				TargetAttributes = {
					E57378451E06B23300EF1F89 = {
						CreatedOnToolsVersion = 7.2;
						DevelopmentTeam = EX35W9FV7C;
					};
				};
			};
			buildConfigurationList = E57378411E06B23200EF1F89 /* Build configuration list for PBXProject "lxdGit-iOS" */;
			compatibilityVersion = "Xcode 3.2";
			developmentRegion = English;
			hasScannedForEncodings = 0;
			knownRegions = (
				en,
				Base,
			);
			mainGroup = E573783D1E06B23200EF1F89;
			productRefGroup = E57378471E06B23300EF1F89 /* Products */;
			projectDirPath = "";
			projectRoot = "";
			targets = (
				E57378451E06B23300EF1F89 /* lxdGit-iOS */,
			);
		};
/* End PBXProject section */

/* Begin PBXResourcesBuildPhase section */
		E57378441E06B23300EF1F89 /* Resources */ = {
			isa = PBXResourcesBuildPhase;
			buildActionMask = 2147483647;
			files = (
				E57378591E06B23300EF1F89 /* LaunchScreen.storyboard in Resources */,
				E57378561E06B23300EF1F89 /* Assets.xcassets in Resources */,
				E57378541E06B23300EF1F89 /* Main.storyboard in Resources */,
			);
			runOnlyForDeploymentPostprocessing = 0;
		};
/* End PBXResourcesBuildPhase section */

/* Begin PBXSourcesBuildPhase section */
		E57378421E06B23300EF1F89 /* Sources */ = {
			isa = PBXSourcesBuildPhase;
			buildActionMask = 2147483647;
			files = (
				E57378511E06B23300EF1F89 /* ViewController.m in Sources */,
				E573784E1E06B23300EF1F89 /* AppDelegate.m in Sources */,
				E573784B1E06B23300EF1F89 /* main.m in Sources */,
			);
			runOnlyForDeploymentPostprocessing = 0;
		};
/* End PBXSourcesBuildPhase section */

/* Begin PBXVariantGroup section */
		E57378521E06B23300EF1F89 /* Main.storyboard */ = {
			isa = PBXVariantGroup;
			children = (
				E57378531E06B23300EF1F89 /* Base */,
			);
			name = Main.storyboard;
			sourceTree = "<group>";
		};
		E57378571E06B23300EF1F89 /* LaunchScreen.storyboard */ = {
			isa = PBXVariantGroup;
			children = (
				E57378581E06B23300EF1F89 /* Base */,
			);
			name = LaunchScreen.storyboard;
			sourceTree = "<group>";
		};
/* End PBXVariantGroup section */

/* Begin XCBuildConfiguration section */
		E573785B1E06B23300EF1F89 /* Debug */ = {
			isa = XCBuildConfiguration;
			buildSettings = {
				ALWAYS_SEARCH_USER_PATHS = NO;
				CLANG_CXX_LANGUAGE_STANDARD = "gnu++0x";
				CLANG_CXX_LIBRARY = "libc++";
				CLANG_ENABLE_MODULES = YES;
				CLANG_ENABLE_OBJC_ARC = YES;
				CLANG_WARN_BOOL_CONVERSION = YES;
				CLANG_WARN_CONSTANT_CONVERSION = YES;
				CLANG_WARN_DIRECT_OBJC_ISA_USAGE = YES_ERROR;
				CLANG_WARN_EMPTY_BODY = YES;
				CLANG_WARN_ENUM_CONVERSION = YES;
				CLANG_WARN_INT_CONVERSION = YES;
				CLANG_WARN_OBJC_ROOT_CLASS = YES_ERROR;
				CLANG_WARN_UNREACHABLE_CODE = YES;
				CLANG_WARN__DUPLICATE_METHOD_MATCH = YES;
				"CODE_SIGN_IDENTITY[sdk=iphoneos*]" = "iPhone Developer";
				COPY_PHASE_STRIP = NO;
				DEBUG_INFORMATION_FORMAT = dwarf;
				ENABLE_STRICT_OBJC_MSGSEND = YES;
				ENABLE_TESTABILITY = YES;
				GCC_C_LANGUAGE_STANDARD = gnu99;
				GCC_DYNAMIC_NO_PIC = NO;
				GCC_NO_COMMON_BLOCKS = YES;
				GCC_OPTIMIZATION_LEVEL = 0;
				GCC_PREPROCESSOR_DEFINITIONS = (
					"DEBUG=1",
					"$(inherited)",
				);
				GCC_WARN_64_TO_32_BIT_CONVERSION = YES;
				GCC_WARN_ABOUT_RETURN_TYPE = YES_ERROR;
				GCC_WARN_UNDECLARED_SELECTOR = YES;
				GCC_WARN_UNINITIALIZED_AUTOS = YES_AGGRESSIVE;
				GCC_WARN_UNUSED_FUNCTION = YES;
				GCC_WARN_UNUSED_VARIABLE = YES;
				IPHONEOS_DEPLOYMENT_TARGET = 9.2;
				MTL_ENABLE_DEBUG_INFO = YES;
				ONLY_ACTIVE_ARCH = YES;
				SDKROOT = iphoneos;
			};
			name = Debug;
		};
		E573785C1E06B23300EF1F89 /* Release */ = {
			isa = XCBuildConfiguration;
			buildSettings = {
				ALWAYS_SEARCH_USER_PATHS = NO;
				CLANG_CXX_LANGUAGE_STANDARD = "gnu++0x";
				CLANG_CXX_LIBRARY = "libc++";
				CLANG_ENABLE_MODULES = YES;
				CLANG_ENABLE_OBJC_ARC = YES;
				CLANG_WARN_BOOL_CONVERSION = YES;
				CLANG_WARN_CONSTANT_CONVERSION = YES;
				CLANG_WARN_DIRECT_OBJC_ISA_USAGE = YES_ERROR;
				CLANG_WARN_EMPTY_BODY = YES;
				CLANG_WARN_ENUM_CONVERSION = YES;
				CLANG_WARN_INT_CONVERSION = YES;
				CLANG_WARN_OBJC_ROOT_CLASS = YES_ERROR;
				CLANG_WARN_UNREACHABLE_CODE = YES;
				CLANG_WARN__DUPLICATE_METHOD_MATCH = YES;
				"CODE_SIGN_IDENTITY[sdk=iphoneos*]" = "iPhone Developer";
				COPY_PHASE_STRIP = NO;
				DEBUG_INFORMATION_FORMAT = "dwarf-with-dsym";
				ENABLE_NS_ASSERTIONS = NO;
				ENABLE_STRICT_OBJC_MSGSEND = YES;
				GCC_C_LANGUAGE_STANDARD = gnu99;
				GCC_NO_COMMON_BLOCKS = YES;
				GCC_WARN_64_TO_32_BIT_CONVERSION = YES;
				GCC_WARN_ABOUT_RETURN_TYPE = YES_ERROR;
				GCC_WARN_UNDECLARED_SELECTOR = YES;
				GCC_WARN_UNINITIALIZED_AUTOS = YES_AGGRESSIVE;
				GCC_WARN_UNUSED_FUNCTION = YES;
				GCC_WARN_UNUSED_VARIABLE = YES;
				IPHONEOS_DEPLOYMENT_TARGET = 9.2;
				MTL_ENABLE_DEBUG_INFO = NO;
				SDKROOT = iphoneos;
				VALIDATE_PRODUCT = YES;
			};
			name = Release;
		};
		E573785E1E06B23300EF1F89 /* Debug */ = {
			isa = XCBuildConfiguration;
			buildSettings = {
				ASSETCATALOG_COMPILER_APPICON_NAME = AppIcon;
				INFOPLIST_FILE = "lxdGit-iOS/Info.plist";
				LD_RUNPATH_SEARCH_PATHS = "$(inherited) @executable_path/Frameworks";
				PRODUCT_BUNDLE_IDENTIFIER = "com.lxdGit-iOS";
				PRODUCT_NAME = "$(TARGET_NAME)";
			};
			name = Debug;
		};
		E573785F1E06B23300EF1F89 /* Release */ = {
			isa = XCBuildConfiguration;
			buildSettings = {
				ASSETCATALOG_COMPILER_APPICON_NAME = AppIcon;
				INFOPLIST_FILE = "lxdGit-iOS/Info.plist";
				LD_RUNPATH_SEARCH_PATHS = "$(inherited) @executable_path/Frameworks";
				PRODUCT_BUNDLE_IDENTIFIER = "com.lxdGit-iOS";
				PRODUCT_NAME = "$(TARGET_NAME)";
			};
			name = Release;
		};
/* End XCBuildConfiguration section */

/* Begin XCConfigurationList section */
		E57378411E06B23200EF1F89 /* Build configuration list for PBXProject "lxdGit-iOS" */ = {
			isa = XCConfigurationList;
			buildConfigurations = (
				E573785B1E06B23300EF1F89 /* Debug */,
				E573785C1E06B23300EF1F89 /* Release */,
			);
			defaultConfigurationIsVisible = 0;
			defaultConfigurationName = Release;
		};
		E573785D1E06B23300EF1F89 /* Build configuration list for PBXNativeTarget "lxdGit-iOS" */ = {
			isa = XCConfigurationList;
			buildConfigurations = (
				E573785E1E06B23300EF1F89 /* Debug */,
				E573785F1E06B23300EF1F89 /* Release */,
			);
			defaultConfigurationIsVisible = 0;
		};
/* End XCConfigurationList section */
	};
	rootObject = E573783E1E06B23200EF1F89 /* Project object */;
}
